
Microsoft Visual Studio Solution File, Format Version 12.00
# Visual Studio Version 16
VisualStudioVersion = 16.0.31321.278
MinimumVisualStudioVersion = 10.0.40219.1
Project("{FAE04EC0-301F-11D3-BF4B-00C04F79EFBC}") = "Events.Android", "Events\Events.Android\Events.Android.csproj", "{F20EAE31-A7A9-4116-B1A6-F2646D293B8F}"
EndProject
Project("{FAE04EC0-301F-11D3-BF4B-00C04F79EFBC}") = "Events", "Events\Events\Events.csproj", "{9ACEB0F7-16B2-4A1C-A1AE-19AD7CAA05E4}"
EndProject
Global
	GlobalSection(SolutionConfigurationPlatforms) = preSolution
		Debug|Any CPU = Debug|Any CPU
		Release|Any CPU = Release|Any CPU
	EndGlobalSection
	GlobalSection(ProjectConfigurationPlatforms) = postSolution
		{F20EAE31-A7A9-4116-B1A6-F2646D293B8F}.Debug|Any CPU.ActiveCfg = Debug|Any CPU
		{F20EAE31-A7A9-4116-B1A6-F2646D293B8F}.Debug|Any CPU.Build.0 = Debug|Any CPU
		{F20EAE31-A7A9-4116-B1A6-F2646D293B8F}.Debug|Any CPU.Deploy.0 = Debug|Any CPU
		{F20EAE31-A7A9-4116-B1A6-F2646D293B8F}.Release|Any CPU.ActiveCfg = Release|Any CPU
		{F20EAE31-A7A9-4116-B1A6-F2646D293B8F}.Release|Any CPU.Build.0 = Release|Any CPU
		{F20EAE31-A7A9-4116-B1A6-F2646D293B8F}.Release|Any CPU.Deploy.0 = Release|Any CPU
		{9ACEB0F7-16B2-4A1C-A1AE-19AD7CAA05E4}.Debug|Any CPU.ActiveCfg = Debug|Any CPU
		{9ACEB0F7-16B2-4A1C-A1AE-19AD7CAA05E4}.Debug|Any CPU.Build.0 = Debug|Any CPU
		{9ACEB0F7-16B2-4A1C-A1AE-19AD7CAA05E4}.Debug|Any CPU.Deploy.0 = Debug|Any CPU
		{9ACEB0F7-16B2-4A1C-A1AE-19AD7CAA05E4}.Release|Any CPU.ActiveCfg = Release|Any CPU
		{9ACEB0F7-16B2-4A1C-A1AE-19AD7CAA05E4}.Release|Any CPU.Build.0 = Release|Any CPU
		{9ACEB0F7-16B2-4A1C-A1AE-19AD7CAA05E4}.Release|Any CPU.Deploy.0 = Release|Any CPU
	EndGlobalSection
	GlobalSection(SolutionProperties) = preSolution
		HideSolutionNode = FALSE
	EndGlobalSection
	GlobalSection(ExtensibilityGlobals) = postSolution
		SolutionGuid = {86A5B674-2FC8-4AAB-BE7E-0FA2AB93AE14}
	EndGlobalSection
EndGlobal
